{
  "name": "utilities",
  "version": "1.0.0",
  "lockfileVersion": 1,
  "requires": true,
  "dependencies": {
    "biguint-format": {
      "version": "1.0.0",
      "resolved": "https://registry.npmjs.org/biguint-format/-/biguint-format-1.0.0.tgz",
      "integrity": "sha1-4YY/R9/f7TFsyVcm5M2dGZT8jF4="
    },
    "flake-idgen": {
      "version": "1.1.0",
      "resolved": "https://registry.npmjs.org/flake-idgen/-/flake-idgen-1.1.0.tgz",
      "integrity": "sha1-KCw6tWfftIbti+e6YrEhF2YehD0="
    },
    "jsonschema": {
      "version": "1.2.4",
      "resolved": "https://registry.npmjs.org/jsonschema/-/jsonschema-1.2.4.tgz",
      "integrity": "sha1-pGusXTUGolRGW8VIh24mfG0NZGQ="
    },
    "moment": {
      "version": "2.22.1",
      "resolved": "https://registry.npmjs.org/moment/-/moment-2.22.1.tgz",
      "integrity": "sha1-Upoum/lz8lnJZD0jf9qE3jom6K0="
    },
    "underscore": {
      "version": "1.9.0",
      "resolved": "https://registry.npmjs.org/underscore/-/underscore-1.9.0.tgz",
      "integrity": "sha512-4IV1DSSxC1QK48j9ONFK1MoIAKKkbE8i7u55w2R6IqBqbT7A/iG7aZBCR2Bi8piF0Uz+i/MG1aeqLwl/5vqF+A=="
    }
  }
}
